# THIS IS AN AUTOGENERATED FILE. DO NOT EDIT THIS FILE DIRECTLY.
# yarn lockfile v1


"@alitajs/autils@^0.5.0":
  version "0.5.2"
  resolved "https://registry.yarnpkg.com/@alitajs/autils/-/autils-0.5.2.tgz#d5af579fc7cc41e6248f1d29a1d3f767211ddd77"
  integrity sha512-IYyxFOjKrYA+UcG7dUG5jVeHvrG28L3BBNkuY48AhE+10tMP5r4BqueSN0uBmkjdwKq4a1tHjs0haHqKNItpGQ==

"@ant-design/colors@^3.1.0":
  version "3.2.2"
  resolved "https://registry.yarnpkg.com/@ant-design/colors/-/colors-3.2.2.tgz#5ad43d619e911f3488ebac303d606e66a8423903"
  integrity sha512-YKgNbG2dlzqMhA9NtI3/pbY16m3Yl/EeWBRa+lB1X1YaYxHrxNexiQYCLTWO/uDvAjLFMEDU+zR901waBtMtjQ==
  dependencies:
    tinycolor2 "^1.4.1"

"@ant-design/create-react-context@^0.2.4":
  version "0.2.5"
  resolved "https://registry.yarnpkg.com/@ant-design/create-react-context/-/create-react-context-0.2.5.tgz#f5f5a9163b4772097712837397ad30e22e79f858"
  integrity sha512-1rMAa4qgP2lfl/QBH9i78+Gjxtj9FTMpMyDGZsEBW5Kih72EuUo9958mV8PgpRkh4uwPSQ7vVZWXeyNZXVAFDg==
  dependencies:
    gud "^1.0.0"
    warning "^4.0.3"

"@ant-design/icons-react@~2.0.1":
  version "2.0.1"
  resolved "https://registry.yarnpkg.com/@ant-design/icons-react/-/icons-react-2.0.1.tgz#17a2513571ab317aca2927e58cea25dd31e536fb"
  integrity sha512-r1QfoltMuruJZqdiKcbPim3d8LNsVPB733U0gZEUSxBLuqilwsW28K2rCTWSMTjmFX7Mfpf+v/wdiFe/XCqThw==
  dependencies:
    "@ant-design/colors" "^3.1.0"
    babel-runtime "^6.26.0"

"@ant-design/icons@~2.1.1":
  version "2.1.1"
  resolved "https://registry.yarnpkg.com/@ant-design/icons/-/icons-2.1.1.tgz#7b9c08dffd4f5d41db667d9dbe5e0107d0bd9a4a"
  integrity sha512-jCH+k2Vjlno4YWl6g535nHR09PwCEmTBKAG6VqF+rhkrSPRLfgpU2maagwbZPLjaHuU5Jd1DFQ2KJpQuI6uG8w==

"@babel/runtime@^7.1.2":
  version "7.8.7"
  resolved "https://registry.yarnpkg.com/@babel/runtime/-/runtime-7.8.7.tgz#8fefce9802db54881ba59f90bb28719b4996324d"
  integrity sha512-+AATMUFppJDw6aiR5NVPHqIQBlV/Pj8wY/EZH+lmvRdUo9xBaz/rF3alAwFJQavvKfeOlPE7oaaDHVbcySbCsg==
  dependencies:
    regenerator-runtime "^0.13.4"

"@sensoro/sensoro-design@^1.0.4":
  version "1.0.4"
  resolved "https://registry.yarnpkg.com/@sensoro/sensoro-design/-/sensoro-design-1.0.4.tgz#1206a8a37640f5260cab5d99d9b2a756b53c7aee"
  integrity sha512-g8h8sXE7haeWnWi8cDmN54TOsU5ji3klPdnfvSdcoPHnsZWFrDcZQFMF4IBL+HOqzuHZ11WRWq8E7AGAM82k5A==
  dependencies:
    "@alitajs/autils" "^0.5.0"
    antd "^3.23.1"
    classnames "^2.2.6"
    hoist-non-react-statics "^3.3.0"
    react-use "^12.2.0"

"@types/prop-types@*":
  version "15.7.3"
  resolved "https://registry.yarnpkg.com/@types/prop-types/-/prop-types-15.7.3.tgz#2ab0d5da2e5815f94b0b9d4b95d1e5f243ab2ca7"
  integrity sha512-KfRL3PuHmqQLOG+2tGpRO26Ctg+Cq1E01D2DMriKEATHgWLfeNDmq9e29Q9WIky0dQ3NPkd1mzYH8Lm936Z9qw==

"@types/react-slick@^0.23.4":
  version "0.23.4"
  resolved "https://registry.yarnpkg.com/@types/react-slick/-/react-slick-0.23.4.tgz#c97e2a9e7e3d1933c68593b8e82752fab1e8ce53"
  integrity sha512-vXoIy4GUfB7/YgqubR4H7RALo+pRdMYCeLgWwV3MPwl5pggTlEkFBTF19R7u+LJc85uMqC7RfsbkqPLMQ4ab+A==
  dependencies:
    "@types/react" "*"

"@types/react-wait@^0.3.0":
  version "0.3.1"
  resolved "https://registry.yarnpkg.com/@types/react-wait/-/react-wait-0.3.1.tgz#193cbd8fe86baa53b6f65dfa73f03d562f462a27"
  integrity sha512-BS9AEjWZItDgpx6LlICcuf53M27zBFCsHx/llCbrmrt/WI7ecG2LGquCss3n8O8bwEDiTX4yYLjy8yLeIfgYTg==
  dependencies:
    "@types/react" "*"

"@types/react@*":
  version "16.9.23"
  resolved "https://registry.yarnpkg.com/@types/react/-/react-16.9.23.tgz#1a66c6d468ba11a8943ad958a8cb3e737568271c"
  integrity sha512-SsGVT4E7L2wLN3tPYLiF20hmZTPGuzaayVunfgXzUn1x4uHVsKH6QDJQ/TdpHqwsTLd4CwrmQ2vOgxN7gE24gw==
  dependencies:
    "@types/prop-types" "*"
    csstype "^2.2.0"

add-dom-event-listener@^1.1.0:
  version "1.1.0"
  resolved "https://registry.yarnpkg.com/add-dom-event-listener/-/add-dom-event-listener-1.1.0.tgz#6a92db3a0dd0abc254e095c0f1dc14acbbaae310"
  integrity sha512-WCxx1ixHT0GQU9hb0KI/mhgRQhnU+U3GvwY6ZvVjYq8rsihIGoaIOUbY0yMPBxLH5MDtr0kz3fisWGNcbWW7Jw==
  dependencies:
    object-assign "4.x"

antd@^3.23.1:
  version "3.26.13"
  resolved "https://registry.yarnpkg.com/antd/-/antd-3.26.13.tgz#fd6b618a33d5dec0f649263f30eae691425f7e47"
  integrity sha512-7DjaXAUig51kzVw9T9Mi4slmq0eFl6qGk7t3kjA5t3Sv/Yn2llwNWT0lJDbseooesRRWeFLNByfZV37cUCRJYQ==
  dependencies:
    "@ant-design/create-react-context" "^0.2.4"
    "@ant-design/icons" "~2.1.1"
    "@ant-design/icons-react" "~2.0.1"
    "@types/react-slick" "^0.23.4"
    array-tree-filter "^2.1.0"
    babel-runtime "6.x"
    classnames "~2.2.6"
    copy-to-clipboard "^3.2.0"
    css-animation "^1.5.0"
    dom-closest "^0.2.0"
    enquire.js "^2.1.6"
    is-mobile "^2.1.0"
    lodash "^4.17.13"
    moment "^2.24.0"
    omit.js "^1.0.2"
    prop-types "^15.7.2"
    raf "^3.4.1"
    rc-animate "^2.10.2"
    rc-calendar "~9.15.7"
    rc-cascader "~0.17.4"
    rc-checkbox "~2.1.6"
    rc-collapse "~1.11.3"
    rc-dialog "~7.6.0"
    rc-drawer "~3.1.1"
    rc-dropdown "~2.4.1"
    rc-editor-mention "^1.1.13"
    rc-form "^2.4.10"
    rc-input-number "~4.5.0"
    rc-mentions "~0.4.0"
    rc-menu "~7.5.1"
    rc-notification "~3.3.1"
    rc-pagination "~1.20.11"
    rc-progress "~2.5.0"
    rc-rate "~2.5.0"
    rc-resize-observer "^0.1.0"
    rc-select "~9.2.0"
    rc-slider "~8.7.1"
    rc-steps "~3.5.0"
    rc-switch "~1.9.0"
    rc-table "~6.10.5"
    rc-tabs "~9.7.0"
    rc-time-picker "~3.7.1"
    rc-tooltip "~3.7.3"
    rc-tree "~2.1.0"
    rc-tree-select "~2.9.1"
    rc-trigger "^2.6.2"
    rc-upload "~2.9.1"
    rc-util "^4.16.1"
    react-lazy-load "^3.0.13"
    react-lifecycles-compat "^3.0.4"
    react-slick "~0.25.2"
    resize-observer-polyfill "^1.5.1"
    shallowequal "^1.1.0"
    warning "~4.0.3"

array-tree-filter@^2.1.0:
  version "2.1.0"
  resolved "https://registry.yarnpkg.com/array-tree-filter/-/array-tree-filter-2.1.0.tgz#873ac00fec83749f255ac8dd083814b4f6329190"
  integrity sha512-4ROwICNlNw/Hqa9v+rk5h22KjmzB1JGTMVKP2AKJBOCgb0yL0ASf0+YvCcLNNwquOHNX48jkeZIJ3a+oOQqKcw==

asap@~2.0.3:
  version "2.0.6"
  resolved "https://registry.yarnpkg.com/asap/-/asap-2.0.6.tgz#e50347611d7e690943208bbdafebcbc2fb866d46"
  integrity sha1-5QNHYR1+aQlDIIu9r+vLwvuGbUY=

async-validator@~1.11.3:
  version "1.11.5"
  resolved "https://registry.yarnpkg.com/async-validator/-/async-validator-1.11.5.tgz#9d43cf49ef6bb76be5442388d19fb9a6e47597ea"
  integrity sha512-XNtCsMAeAH1pdLMEg1z8/Bb3a8cdCbui9QbJATRFHHHW5kT6+NPI3zSVQUXgikTFITzsg+kYY5NTWhM2Orwt9w==

babel-runtime@6.x, babel-runtime@^6.23.0, babel-runtime@^6.26.0:
  version "6.26.0"
  resolved "https://registry.yarnpkg.com/babel-runtime/-/babel-runtime-6.26.0.tgz#965c7058668e82b55d7bfe04ff2337bc8b5647fe"
  integrity sha1-llxwWGaOgrVde/4E/yM3vItWR/4=
  dependencies:
    core-js "^2.4.0"
    regenerator-runtime "^0.11.0"

bowser@^1.7.3:
  version "1.9.4"
  resolved "https://registry.yarnpkg.com/bowser/-/bowser-1.9.4.tgz#890c58a2813a9d3243704334fa81b96a5c150c9a"
  integrity sha512-9IdMmj2KjigRq6oWhmwv1W36pDuA4STQZ8q6YO9um+x07xgYNCD3Oou+WP/3L1HNz7iqythGet3/p4wvc8AAwQ==

classnames@2.x, classnames@^2.2.0, classnames@^2.2.1, classnames@^2.2.3, classnames@^2.2.5, classnames@^2.2.6, classnames@~2.2.6:
  version "2.2.6"
  resolved "https://registry.yarnpkg.com/classnames/-/classnames-2.2.6.tgz#43935bffdd291f326dad0a205309b38d00f650ce"
  integrity sha512-JR/iSQOSt+LQIWwrwEzJ9uk0xfN3mTVYMwt1Ir5mUcSN6pU+V4zQFFaJsclJbPuAUQH+yfWef6tm7l1quW3C8Q==

component-classes@1.x, component-classes@^1.2.5, component-classes@^1.2.6:
  version "1.2.6"
  resolved "https://registry.yarnpkg.com/component-classes/-/component-classes-1.2.6.tgz#c642394c3618a4d8b0b8919efccbbd930e5cd691"
  integrity sha1-xkI5TDYYpNiwuJGe/Mu9kw5c1pE=
  dependencies:
    component-indexof "0.0.3"

component-indexof@0.0.3:
  version "0.0.3"
  resolved "https://registry.yarnpkg.com/component-indexof/-/component-indexof-0.0.3.tgz#11d091312239eb8f32c8f25ae9cb002ffe8d3c24"
  integrity sha1-EdCRMSI5648yyPJa6csAL/6NPCQ=

copy-to-clipboard@^3.1.0, copy-to-clipboard@^3.2.0:
  version "3.3.1"
  resolved "https://registry.yarnpkg.com/copy-to-clipboard/-/copy-to-clipboard-3.3.1.tgz#115aa1a9998ffab6196f93076ad6da3b913662ae"
  integrity sha512-i13qo6kIHTTpCm8/Wup+0b1mVWETvu2kIMzKoK8FpkLkFxlt0znUAHcMzox+T8sPlqtZXq3CulEjQHsYiGFJUw==
  dependencies:
    toggle-selection "^1.0.6"

core-js@^1.0.0:
  version "1.2.7"
  resolved "https://registry.yarnpkg.com/core-js/-/core-js-1.2.7.tgz#652294c14651db28fa93bd2d5ff2983a4f08c636"
  integrity sha1-ZSKUwUZR2yj6k70tX/KYOk8IxjY=

core-js@^2.4.0:
  version "2.6.11"
  resolved "https://registry.yarnpkg.com/core-js/-/core-js-2.6.11.tgz#38831469f9922bded8ee21c9dc46985e0399308c"
  integrity sha512-5wjnpaT/3dV+XB4borEsnAYQchn00XSgTAWKDkEqv+K8KevjbzmofK6hfJ9TZIlpj2N0xQpazy7PiRQiWHqzWg==

create-react-class@^15.5.3:
  version "15.6.3"
  resolved "https://registry.yarnpkg.com/create-react-class/-/create-react-class-15.6.3.tgz#2d73237fb3f970ae6ebe011a9e66f46dbca80036"
  integrity sha512-M+/3Q6E6DLO6Yx3OwrWjwHBnvfXXYA7W+dFjt/ZDBemHO1DDZhsalX/NUtnTYclN6GfnBDRh4qRHjcDHmlJBJg==
  dependencies:
    fbjs "^0.8.9"
    loose-envify "^1.3.1"
    object-assign "^4.1.1"

css-animation@1.x, css-animation@^1.3.2, css-animation@^1.5.0:
  version "1.6.1"
  resolved "https://registry.yarnpkg.com/css-animation/-/css-animation-1.6.1.tgz#162064a3b0d51f958b7ff37b3d6d4de18e17039e"
  integrity sha512-/48+/BaEaHRY6kNQ2OIPzKf9A6g8WjZYjhiNDNuIVbsm5tXCGIAsHDjB4Xu1C4vXJtUWZo26O68OQkDpNBaPog==
  dependencies:
    babel-runtime "6.x"
    component-classes "^1.2.5"

css-in-js-utils@^2.0.0:
  version "2.0.1"
  resolved "https://registry.yarnpkg.com/css-in-js-utils/-/css-in-js-utils-2.0.1.tgz#3b472b398787291b47cfe3e44fecfdd9e914ba99"
  integrity sha512-PJF0SpJT+WdbVVt0AOYp9C8GnuruRlL/UFW7932nLWmFLQTaWEzTBQEx7/hn4BuV+WON75iAViSUJLiU3PKbpA==
  dependencies:
    hyphenate-style-name "^1.0.2"
    isobject "^3.0.1"

css-tree@^1.0.0-alpha.28:
  version "1.0.0-alpha.39"
  resolved "https://registry.yarnpkg.com/css-tree/-/css-tree-1.0.0-alpha.39.tgz#2bff3ffe1bb3f776cf7eefd91ee5cba77a149eeb"
  integrity sha512-7UvkEYgBAHRG9Nt980lYxjsTrCyHFN53ky3wVsDkiMdVqylqRt+Zc+jm5qw7/qyOvN2dHSYtX0e4MbCCExSvnA==
  dependencies:
    mdn-data "2.0.6"
    source-map "^0.6.1"

csstype@^2.2.0, csstype@^2.5.5:
  version "2.6.9"
  resolved "https://registry.yarnpkg.com/csstype/-/csstype-2.6.9.tgz#05141d0cd557a56b8891394c1911c40c8a98d098"
  integrity sha512-xz39Sb4+OaTsULgUERcCk+TJj8ylkL4aSVDQiX/ksxbELSqwkgt4d4RD7fovIdgJGSuNYqwZEiVjYY5l0ask+Q==

dom-align@^1.7.0:
  version "1.10.4"
  resolved "https://registry.yarnpkg.com/dom-align/-/dom-align-1.10.4.tgz#862ae4de0d11d6495c1c8ee1b195427e7caa727d"
  integrity sha512-wytDzaru67AmqFOY4B9GUb/hrwWagezoYYK97D/vpK+ezg+cnuZO0Q2gltUPa7KfNmIqfRIYVCF8UhRDEHAmgQ==

dom-closest@^0.2.0:
  version "0.2.0"
  resolved "https://registry.yarnpkg.com/dom-closest/-/dom-closest-0.2.0.tgz#ebd9f91d1bf22e8d6f477876bbcd3ec90216c0cf"
  integrity sha1-69n5HRvyLo1vR3h2u80+yQIWwM8=
  dependencies:
    dom-matches ">=1.0.1"

dom-matches@>=1.0.1:
  version "2.0.0"
  resolved "https://registry.yarnpkg.com/dom-matches/-/dom-matches-2.0.0.tgz#d2728b416a87533980eb089b848d253cf23a758c"
  integrity sha1-0nKLQWqHUzmA6wibhI0lPPI6dYw=

dom-scroll-into-view@1.x, dom-scroll-into-view@^1.2.0, dom-scroll-into-view@^1.2.1:
  version "1.2.1"
  resolved "https://registry.yarnpkg.com/dom-scroll-into-view/-/dom-scroll-into-view-1.2.1.tgz#e8f36732dd089b0201a88d7815dc3f88e6d66c7e"
  integrity sha1-6PNnMt0ImwIBqI14Fdw/iObWbH4=

draft-js@^0.10.0, draft-js@~0.10.0:
  version "0.10.5"
  resolved "https://registry.yarnpkg.com/draft-js/-/draft-js-0.10.5.tgz#bfa9beb018fe0533dbb08d6675c371a6b08fa742"
  integrity sha512-LE6jSCV9nkPhfVX2ggcRLA4FKs6zWq9ceuO/88BpXdNCS7mjRTgs0NsV6piUCJX9YxMsB9An33wnkMmU2sD2Zg==
  dependencies:
    fbjs "^0.8.15"
    immutable "~3.7.4"
    object-assign "^4.1.0"

encoding@^0.1.11:
  version "0.1.12"
  resolved "https://registry.yarnpkg.com/encoding/-/encoding-0.1.12.tgz#538b66f3ee62cd1ab51ec323829d1f9480c74beb"
  integrity sha1-U4tm8+5izRq1HsMjgp0flIDHS+s=
  dependencies:
    iconv-lite "~0.4.13"

enquire.js@^2.1.6:
  version "2.1.6"
  resolved "https://registry.yarnpkg.com/enquire.js/-/enquire.js-2.1.6.tgz#3e8780c9b8b835084c3f60e166dbc3c2a3c89814"
  integrity sha1-PoeAybi4NQhMP2DhZtvDwqPImBQ=

error-stack-parser@^2.0.6:
  version "2.0.6"
  resolved "https://registry.yarnpkg.com/error-stack-parser/-/error-stack-parser-2.0.6.tgz#5a99a707bd7a4c58a797902d48d82803ede6aad8"
  integrity sha512-d51brTeqC+BHlwF0BhPtcYgF5nlzf9ZZ0ZIUQNZpc9ZB9qw5IJ2diTrBY9jlCJkTLITYPjmiX6OWCwH+fuyNgQ==
  dependencies:
    stackframe "^1.1.1"

eventlistener@0.0.1:
  version "0.0.1"
  resolved "https://registry.yarnpkg.com/eventlistener/-/eventlistener-0.0.1.tgz#ed2baabb852227af2bcf889152c72c63ca532eb8"
  integrity sha1-7Suqu4UiJ68rz4iRUscsY8pTLrg=

fastest-stable-stringify@^1.0.1:
  version "1.0.1"
  resolved "https://registry.yarnpkg.com/fastest-stable-stringify/-/fastest-stable-stringify-1.0.1.tgz#9122d406d4c9d98bea644a6b6853d5874b87b028"
  integrity sha1-kSLUBtTJ2YvqZEpraFPVh0uHsCg=

fbjs@^0.8.15, fbjs@^0.8.16, fbjs@^0.8.9:
  version "0.8.17"
  resolved "https://registry.yarnpkg.com/fbjs/-/fbjs-0.8.17.tgz#c4d598ead6949112653d6588b01a5cdcd9f90fdd"
  integrity sha1-xNWY6taUkRJlPWWIsBpc3Nn5D90=
  dependencies:
    core-js "^1.0.0"
    isomorphic-fetch "^2.1.1"
    loose-envify "^1.0.0"
    object-assign "^4.1.0"
    promise "^7.1.1"
    setimmediate "^1.0.5"
    ua-parser-js "^0.7.18"

gud@^1.0.0:
  version "1.0.0"
  resolved "https://registry.yarnpkg.com/gud/-/gud-1.0.0.tgz#a489581b17e6a70beca9abe3ae57de7a499852c0"
  integrity sha512-zGEOVKFM5sVPPrYs7J5/hYEw2Pof8KCyOwyhG8sAF26mCAeUFAcYPu1mwB7hhpIP29zOIBaDqwuHdLp0jvZXjw==

hammerjs@^2.0.8:
  version "2.0.8"
  resolved "https://registry.yarnpkg.com/hammerjs/-/hammerjs-2.0.8.tgz#04ef77862cff2bb79d30f7692095930222bf60f1"
  integrity sha1-BO93hiz/K7edMPdpIJWTAiK/YPE=

hoist-non-react-statics@^2.3.1:
  version "2.5.5"
  resolved "https://registry.yarnpkg.com/hoist-non-react-statics/-/hoist-non-react-statics-2.5.5.tgz#c5903cf409c0dfd908f388e619d86b9c1174cb47"
  integrity sha512-rqcy4pJo55FTTLWt+bU8ukscqHeE/e9KWvsOW2b/a3afxQZhwkQdT1rPPCJ0rYXdj4vNcasY8zHTH+jF/qStxw==

hoist-non-react-statics@^3.3.0:
  version "3.3.2"
  resolved "https://registry.yarnpkg.com/hoist-non-react-statics/-/hoist-non-react-statics-3.3.2.tgz#ece0acaf71d62c2969c2ec59feff42a4b1a85b45"
  integrity sha512-/gGivxi8JPKWNm/W0jSmzcMPpfpPLc3dY/6GxhX2hQ9iGj3aDfklV4ET7NjKpSinLpJ5vafa9iiGIEZg10SfBw==
  dependencies:
    react-is "^16.7.0"

hyphenate-style-name@^1.0.2:
  version "1.0.3"
  resolved "https://registry.yarnpkg.com/hyphenate-style-name/-/hyphenate-style-name-1.0.3.tgz#097bb7fa0b8f1a9cf0bd5c734cf95899981a9b48"
  integrity sha512-EcuixamT82oplpoJ2XU4pDtKGWQ7b00CD9f1ug9IaQ3p1bkHMiKCZ9ut9QDI6qsa6cpUuB+A/I+zLtdNK4n2DQ==

iconv-lite@~0.4.13:
  version "0.4.24"
  resolved "https://registry.yarnpkg.com/iconv-lite/-/iconv-lite-0.4.24.tgz#2022b4b25fbddc21d2f524974a474aafe733908b"
  integrity sha512-v3MXnZAcvnywkTUEZomIActle7RXXeedOR31wwl7VlyoXO4Qi9arvSenNQWne1TcRwhCL1HwLI21bEqdpj8/rA==
  dependencies:
    safer-buffer ">= 2.1.2 < 3"

immutable@^3.7.4:
  version "3.8.2"
  resolved "https://registry.yarnpkg.com/immutable/-/immutable-3.8.2.tgz#c2439951455bb39913daf281376f1530e104adf3"
  integrity sha1-wkOZUUVbs5kT2vKBN28VMOEErfM=

immutable@~3.7.4:
  version "3.7.6"
  resolved "https://registry.yarnpkg.com/immutable/-/immutable-3.7.6.tgz#13b4d3cb12befa15482a26fe1b2ebae640071e4b"
  integrity sha1-E7TTyxK++hVIKib+Gy665kAHHks=

inline-style-prefixer@^4.0.0:
  version "4.0.2"
  resolved "https://registry.yarnpkg.com/inline-style-prefixer/-/inline-style-prefixer-4.0.2.tgz#d390957d26f281255fe101da863158ac6eb60911"
  integrity sha512-N8nVhwfYga9MiV9jWlwfdj1UDIaZlBFu4cJSJkIr7tZX7sHpHhGR5su1qdpW+7KPL8ISTvCIkcaFi/JdBknvPg==
  dependencies:
    bowser "^1.7.3"
    css-in-js-utils "^2.0.0"

is-mobile@^2.1.0:
  version "2.2.1"
  resolved "https://registry.yarnpkg.com/is-mobile/-/is-mobile-2.2.1.tgz#10f2320012c410cc285feecb13406bd586f1b2f8"
  integrity sha512-6zELsfVFr326eq2CI53yvqq6YBanOxKBybwDT+MbMS2laBnK6Ez8m5XHSuTQQbnKRfpDzCod1CMWW5q3wZYMvA==

is-stream@^1.0.1:
  version "1.1.0"
  resolved "https://registry.yarnpkg.com/is-stream/-/is-stream-1.1.0.tgz#12d4a3dd4e68e0b79ceb8dbc84173ae80d91ca44"
  integrity sha1-EtSj3U5o4Lec6428hBc66A2RykQ=

isobject@^3.0.1:
  version "3.0.1"
  resolved "https://registry.yarnpkg.com/isobject/-/isobject-3.0.1.tgz#4e431e92b11a9731636aa1f9c8d1ccbcfdab78df"
  integrity sha1-TkMekrEalzFjaqH5yNHMvP2reN8=

isomorphic-fetch@^2.1.1:
  version "2.2.1"
  resolved "https://registry.yarnpkg.com/isomorphic-fetch/-/isomorphic-fetch-2.2.1.tgz#611ae1acf14f5e81f729507472819fe9733558a9"
  integrity sha1-YRrhrPFPXoH3KVB0coGf6XM1WKk=
  dependencies:
    node-fetch "^1.0.1"
    whatwg-fetch ">=0.10.0"

"js-tokens@^3.0.0 || ^4.0.0":
  version "4.0.0"
  resolved "https://registry.yarnpkg.com/js-tokens/-/js-tokens-4.0.0.tgz#19203fb59991df98e3a287050d4647cdeaf32499"
  integrity sha512-RdJUflcE3cUzKiMqQgsCu06FPu9UdIJO0beYbPhHN4k6apgJtifcoCtT9bcxOpYBtpD2kCM6Sbzg4CausW/PKQ==

json2mq@^0.2.0:
  version "0.2.0"
  resolved "https://registry.yarnpkg.com/json2mq/-/json2mq-0.2.0.tgz#b637bd3ba9eabe122c83e9720483aeb10d2c904a"
  integrity sha1-tje9O6nqvhIsg+lyBIOusQ0skEo=
  dependencies:
    string-convert "^0.2.0"

lodash.debounce@^4.0.0, lodash.debounce@^4.0.8:
  version "4.0.8"
  resolved "https://registry.yarnpkg.com/lodash.debounce/-/lodash.debounce-4.0.8.tgz#82d79bff30a67c4005ffd5e2515300ad9ca4d7af"
  integrity sha1-gteb/zCmfEAF/9XiUVMArZyk168=

lodash.throttle@^4.0.0:
  version "4.1.1"
  resolved "https://registry.yarnpkg.com/lodash.throttle/-/lodash.throttle-4.1.1.tgz#c23e91b710242ac70c37f1e1cda9274cc39bf2f4"
  integrity sha1-wj6RtxAkKscMN/HhzaknTMOb8vQ=

lodash@^4.16.5, lodash@^4.17.13, lodash@^4.17.4, lodash@^4.17.5:
  version "4.17.15"
  resolved "https://registry.yarnpkg.com/lodash/-/lodash-4.17.15.tgz#b447f6670a0455bbfeedd11392eff330ea097548"
  integrity sha512-8xOcRHvCjnocdS5cpwXQXVzmmh5e5+saE2QGoeQmbKmRS6J3VQppPOIt0MnmE+4xlZoumy0GPG0D0MVIQbNA1A==

loose-envify@^1.0.0, loose-envify@^1.3.1, loose-envify@^1.4.0:
  version "1.4.0"
  resolved "https://registry.yarnpkg.com/loose-envify/-/loose-envify-1.4.0.tgz#71ee51fa7be4caec1a63839f7e682d8132d30caf"
  integrity sha512-lyuxPGr/Wfhrlem2CL/UcnUc1zcqKAImBDzukY7Y5F/yQiNdko6+fRLevlw1HgMySw7f611UIY408EtxRSoK3Q==
  dependencies:
    js-tokens "^3.0.0 || ^4.0.0"

mdn-data@2.0.6:
  version "2.0.6"
  resolved "https://registry.yarnpkg.com/mdn-data/-/mdn-data-2.0.6.tgz#852dc60fcaa5daa2e8cf6c9189c440ed3e042978"
  integrity sha512-rQvjv71olwNHgiTbfPZFkJtjNMciWgswYeciZhtvWLO8bmX3TnhyA62I6sTWOyZssWHJJjY6/KiWwqQsWWsqOA==

mini-store@^2.0.0:
  version "2.0.0"
  resolved "https://registry.yarnpkg.com/mini-store/-/mini-store-2.0.0.tgz#0843c048d6942ce55e3e78b1b67fc063022b5488"
  integrity sha512-EG0CuwpQmX+XL4QVS0kxNwHW5ftSbhygu1qxQH0pipugjnPkbvkalCdQbEihMwtQY6d3MTN+MS0q+aurs+RfLQ==
  dependencies:
    hoist-non-react-statics "^2.3.1"
    prop-types "^15.6.0"
    react-lifecycles-compat "^3.0.4"
    shallowequal "^1.0.2"

moment@2.x, moment@^2.24.0:
  version "2.24.0"
  resolved "https://registry.yarnpkg.com/moment/-/moment-2.24.0.tgz#0d055d53f5052aa653c9f6eb68bb5d12bf5c2b5b"
  integrity sha512-bV7f+6l2QigeBBZSM/6yTNq4P2fNpSWj/0e7jQcy87A8e7o2nAfP/34/2ky5Vw4B9S446EtIhodAzkFCcR4dQg==

mutationobserver-shim@^0.3.2:
  version "0.3.3"
  resolved "https://registry.yarnpkg.com/mutationobserver-shim/-/mutationobserver-shim-0.3.3.tgz#65869630bc89d7bf8c9cd9cb82188cd955aacd2b"
  integrity sha512-gciOLNN8Vsf7YzcqRjKzlAJ6y7e+B86u7i3KXes0xfxx/nfLmozlW1Vn+Sc9x3tPIePFgc1AeIFhtRgkqTjzDQ==

nano-css@^5.1.0:
  version "5.3.0"
  resolved "https://registry.yarnpkg.com/nano-css/-/nano-css-5.3.0.tgz#9d3cd29788d48b6a07f52aa4aec7cf4da427b6b5"
  integrity sha512-uM/9NGK9/E9/sTpbIZ/bQ9xOLOIHZwrrb/CRlbDHBU/GFS7Gshl24v/WJhwsVViWkpOXUmiZ66XO7fSB4Wd92Q==
  dependencies:
    css-tree "^1.0.0-alpha.28"
    csstype "^2.5.5"
    fastest-stable-stringify "^1.0.1"
    inline-style-prefixer "^4.0.0"
    rtl-css-js "^1.9.0"
    sourcemap-codec "^1.4.1"
    stacktrace-js "^2.0.0"
    stylis "3.5.0"

node-fetch@^1.0.1:
  version "1.7.3"
  resolved "https://registry.yarnpkg.com/node-fetch/-/node-fetch-1.7.3.tgz#980f6f72d85211a5347c6b2bc18c5b84c3eb47ef"
  integrity sha512-NhZ4CsKx7cYm2vSrBAr2PvFOe6sWDf0UYLRqA6svUYg7+/TSfVAu49jYC4BvQ4Sms9SZgdqGBgroqfDhJdTyKQ==
  dependencies:
    encoding "^0.1.11"
    is-stream "^1.0.1"

object-assign@4.x, object-assign@^4.1.0, object-assign@^4.1.1:
  version "4.1.1"
  resolved "https://registry.yarnpkg.com/object-assign/-/object-assign-4.1.1.tgz#2109adc7965887cfc05cbbd442cac8bfbb360863"
  integrity sha1-IQmtx5ZYh8/AXLvUQsrIv7s2CGM=

omit.js@^1.0.2:
  version "1.0.2"
  resolved "https://registry.yarnpkg.com/omit.js/-/omit.js-1.0.2.tgz#91a14f0eba84066dfa015bf30e474c47f30bc858"
  integrity sha512-/QPc6G2NS+8d4L/cQhbk6Yit1WTB6Us2g84A7A/1+w9d/eRGHyEqC5kkQtHVoHZ5NFWGG7tUGgrhVZwgZanKrQ==
  dependencies:
    babel-runtime "^6.23.0"

performance-now@^2.1.0:
  version "2.1.0"
  resolved "https://registry.yarnpkg.com/performance-now/-/performance-now-2.1.0.tgz#6309f4e0e5fa913ec1c69307ae364b4b377c9e7b"
  integrity sha1-Ywn04OX6kT7BxpMHrjZLSzd8nns=

promise@^7.1.1:
  version "7.3.1"
  resolved "https://registry.yarnpkg.com/promise/-/promise-7.3.1.tgz#064b72602b18f90f29192b8b1bc418ffd1ebd3bf"
  integrity sha512-nolQXZ/4L+bP/UGlkfaIujX9BKxGwmQ9OT4mOt5yvy8iK1h3wqTEJCijzGANTCCl9nWjY41juyAn2K3Q1hLLTg==
  dependencies:
    asap "~2.0.3"

prop-types@15.x, prop-types@^15.5.10, prop-types@^15.5.4, prop-types@^15.5.6, prop-types@^15.5.7, prop-types@^15.5.8, prop-types@^15.5.9, prop-types@^15.6.0, prop-types@^15.7.2:
  version "15.7.2"
  resolved "https://registry.yarnpkg.com/prop-types/-/prop-types-15.7.2.tgz#52c41e75b8c87e72b9d9360e0206b99dcbffa6c5"
  integrity sha512-8QQikdH7//R2vurIJSutZ1smHYTcLpRWEOlHnzcWHmBYrOGUysKwSsrC89BCiFj3CbrfJ/nXFdJepOVrY1GCHQ==
  dependencies:
    loose-envify "^1.4.0"
    object-assign "^4.1.1"
    react-is "^16.8.1"

raf@^3.4.0, raf@^3.4.1:
  version "3.4.1"
  resolved "https://registry.yarnpkg.com/raf/-/raf-3.4.1.tgz#0742e99a4a6552f445d73e3ee0328af0ff1ede39"
  integrity sha512-Sq4CW4QhwOHE8ucn6J34MqtZCeWFP2aQSmrlroYgqAV1PjStIhJXxYuTgUIfkEk7zTLjmIjLmU5q+fbD1NnOJA==
  dependencies:
    performance-now "^2.1.0"

rc-align@^2.4.0, rc-align@^2.4.1:
  version "2.4.5"
  resolved "https://registry.yarnpkg.com/rc-align/-/rc-align-2.4.5.tgz#c941a586f59d1017f23a428f0b468663fb7102ab"
  integrity sha512-nv9wYUYdfyfK+qskThf4BQUSIadeI/dCsfaMZfNEoxm9HwOIioQ+LyqmMK6jWHAZQgOzMLaqawhuBXlF63vgjw==
  dependencies:
    babel-runtime "^6.26.0"
    dom-align "^1.7.0"
    prop-types "^15.5.8"
    rc-util "^4.0.4"

rc-animate@2.x, rc-animate@^2.10.1, rc-animate@^2.10.2, rc-animate@^2.3.0, rc-animate@^2.6.0, rc-animate@^2.8.2:
  version "2.10.3"
  resolved "https://registry.yarnpkg.com/rc-animate/-/rc-animate-2.10.3.tgz#163d5e29281a4ff82d53ee7918eeeac856b756f9"
  integrity sha512-A9qQ5Y8BLlM7EhuCO3fWb/dChndlbWtY/P5QvPqBU7h4r5Q2QsvsbpTGgdYZATRDZbTRnJXXfVk9UtlyS7MBLg==
  dependencies:
    babel-runtime "6.x"
    classnames "^2.2.6"
    css-animation "^1.3.2"
    prop-types "15.x"
    raf "^3.4.0"
    rc-util "^4.15.3"
    react-lifecycles-compat "^3.0.4"

rc-animate@^3.0.0-rc.1:
  version "3.0.0-rc.6"
  resolved "https://registry.yarnpkg.com/rc-animate/-/rc-animate-3.0.0-rc.6.tgz#04288eefa118e0cae214536c8a903ffaac1bc3fb"
  integrity sha512-oBLPpiT6Q4t6YvD/pkLcmofBP1p01TX0Otse8Q4+Mxt8J+VSDflLZGIgf62EwkvRwsQUkLPjZVFBsldnPKLzjg==
  dependencies:
    babel-runtime "6.x"
    classnames "^2.2.5"
    component-classes "^1.2.6"
    fbjs "^0.8.16"
    prop-types "15.x"
    raf "^3.4.0"
    rc-util "^4.5.0"
    react-lifecycles-compat "^3.0.4"

rc-calendar@~9.15.7:
  version "9.15.9"
  resolved "https://registry.yarnpkg.com/rc-calendar/-/rc-calendar-9.15.9.tgz#7a3457ee10f27b9972a755fe6415ef352f01a97a"
  integrity sha512-XOPzJlXYmLFIcwalXmzxKZrrAMD6dEPLRVoHG3wbBpErqjE8ugnXVjm9yXgtQh3Ho3Imhmt+KO0WGLv5T4WuAA==
  dependencies:
    babel-runtime "6.x"
    classnames "2.x"
    moment "2.x"
    prop-types "^15.5.8"
    rc-trigger "^2.2.0"
    rc-util "^4.1.1"
    react-lifecycles-compat "^3.0.4"

rc-cascader@~0.17.4:
  version "0.17.5"
  resolved "https://registry.yarnpkg.com/rc-cascader/-/rc-cascader-0.17.5.tgz#4fde91d23b7608c420263c38eee9c0687f80f7dc"
  integrity sha512-WYMVcxU0+Lj+xLr4YYH0+yXODumvNXDcVEs5i7L1mtpWwYkubPV/zbQpn+jGKFCIW/hOhjkU4J1db8/P/UKE7A==
  dependencies:
    array-tree-filter "^2.1.0"
    prop-types "^15.5.8"
    rc-trigger "^2.2.0"
    rc-util "^4.0.4"
    react-lifecycles-compat "^3.0.4"
    shallow-equal "^1.0.0"
    warning "^4.0.1"

rc-checkbox@~2.1.6:
  version "2.1.8"
  resolved "https://registry.yarnpkg.com/rc-checkbox/-/rc-checkbox-2.1.8.tgz#eedd9ef9c2f3af5b3b8e5cde5254aa89ad1a880a"
  integrity sha512-6qOgh0/by0nVNASx6LZnhRTy17Etcgav+IrI7kL9V9kcDZ/g7K14JFlqrtJ3NjDq/Kyn+BPI1st1XvbkhfaJeg==
  dependencies:
    babel-runtime "^6.23.0"
    classnames "2.x"
    prop-types "15.x"
    react-lifecycles-compat "^3.0.4"

rc-collapse@~1.11.3:
  version "1.11.8"
  resolved "https://registry.yarnpkg.com/rc-collapse/-/rc-collapse-1.11.8.tgz#66a40089d469519e9424009ab1c927e214041d80"
  integrity sha512-8EhfPyScTYljkbRuIoHniSwZagD5UPpZ3CToYgoNYWC85L2qCbPYF7+OaC713FOrIkp6NbfNqXsITNxmDAmxog==
  dependencies:
    classnames "2.x"
    css-animation "1.x"
    prop-types "^15.5.6"
    rc-animate "2.x"
    react-is "^16.7.0"
    react-lifecycles-compat "^3.0.4"
    shallowequal "^1.1.0"

rc-dialog@~7.6.0:
  version "7.6.0"
  resolved "https://registry.yarnpkg.com/rc-dialog/-/rc-dialog-7.6.0.tgz#6467b75f5b60038129bf2e1b003b264281949c09"
  integrity sha512-N48vBPW8I53WycFHI4KXhuTUkB4mx+hixq1a9tcFMLoE7EhkAjbHvs0vGg+Bh/uFg5V00jmZBgQOIEbhcNal/A==
  dependencies:
    babel-runtime "6.x"
    rc-animate "2.x"
    rc-util "^4.16.1"

rc-drawer@~3.1.1:
  version "3.1.3"
  resolved "https://registry.yarnpkg.com/rc-drawer/-/rc-drawer-3.1.3.tgz#cbcb04d4c07f0b66f2ece11d847f4a1bd80ea0b7"
  integrity sha512-2z+RdxmzXyZde/1OhVMfDR1e/GBswFeWSZ7FS3Fdd0qhgVdpV1wSzILzzxRaT481ItB5hOV+e8pZT07vdJE8kg==
  dependencies:
    classnames "^2.2.6"
    rc-util "^4.16.1"
    react-lifecycles-compat "^3.0.4"

rc-dropdown@~2.4.1:
  version "2.4.1"
  resolved "https://registry.yarnpkg.com/rc-dropdown/-/rc-dropdown-2.4.1.tgz#aaef6eb3a5152cdd9982895c2a78d9b5f046cdec"
  integrity sha512-p0XYn0wrOpAZ2fUGE6YJ6U8JBNc5ASijznZ6dkojdaEfQJAeZtV9KMEewhxkVlxGSbbdXe10ptjBlTEW9vEwEg==
  dependencies:
    babel-runtime "^6.26.0"
    classnames "^2.2.6"
    prop-types "^15.5.8"
    rc-trigger "^2.5.1"
    react-lifecycles-compat "^3.0.2"

rc-editor-core@~0.8.3:
  version "0.8.10"
  resolved "https://registry.yarnpkg.com/rc-editor-core/-/rc-editor-core-0.8.10.tgz#6f215bc5df9c33ffa9f6c5b30ca73a7dabe8ab7c"
  integrity sha512-T3aHpeMCIYA1sdAI7ynHHjXy5fqp83uPlD68ovZ0oClTSc3tbHmyCxXlA+Ti4YgmcpCYv7avF6a+TIbAka53kw==
  dependencies:
    babel-runtime "^6.26.0"
    classnames "^2.2.5"
    draft-js "^0.10.0"
    immutable "^3.7.4"
    lodash "^4.16.5"
    prop-types "^15.5.8"
    setimmediate "^1.0.5"

rc-editor-mention@^1.1.13:
  version "1.1.13"
  resolved "https://registry.yarnpkg.com/rc-editor-mention/-/rc-editor-mention-1.1.13.tgz#9f1cab1065f86b01523840321790c2ab12ac5e8b"
  integrity sha512-3AOmGir91Fi2ogfRRaXLtqlNuIwQpvla7oUnGHS1+3eo7b+fUp5IlKcagqtwUBB5oDNofoySXkLBxzWvSYNp/Q==
  dependencies:
    babel-runtime "^6.23.0"
    classnames "^2.2.5"
    dom-scroll-into-view "^1.2.0"
    draft-js "~0.10.0"
    immutable "~3.7.4"
    prop-types "^15.5.8"
    rc-animate "^2.3.0"
    rc-editor-core "~0.8.3"

rc-form@^2.4.10:
  version "2.4.11"
  resolved "https://registry.yarnpkg.com/rc-form/-/rc-form-2.4.11.tgz#61ee3ae579259684ae30f2c48f55f0f23a5d3d08"
  integrity sha512-8BL+FNlFLTOY/A5X6tU35GQJLSIpsmqpwn/tFAYQTczXc4dMJ33ggtH248Cum8+LS0jLTsJKG2L4Qp+1CkY+sA==
  dependencies:
    async-validator "~1.11.3"
    babel-runtime "6.x"
    create-react-class "^15.5.3"
    dom-scroll-into-view "1.x"
    hoist-non-react-statics "^3.3.0"
    lodash "^4.17.4"
    rc-util "^4.15.3"
    warning "^4.0.3"

rc-hammerjs@~0.6.0:
  version "0.6.9"
  resolved "https://registry.yarnpkg.com/rc-hammerjs/-/rc-hammerjs-0.6.9.tgz#9a4ddbda1b2ec8f9b9596091a6a989842a243907"
  integrity sha512-4llgWO3RgLyVbEqUdGsDfzUDqklRlQW5VEhE3x35IvhV+w//VPRG34SBavK3D2mD/UaLKaohgU41V4agiftC8g==
  dependencies:
    babel-runtime "6.x"
    hammerjs "^2.0.8"
    prop-types "^15.5.9"

rc-input-number@~4.5.0:
  version "4.5.6"
  resolved "https://registry.yarnpkg.com/rc-input-number/-/rc-input-number-4.5.6.tgz#0d52762b0ac39432256e2c6c5c836102f9797c46"
  integrity sha512-AXbL4gtQ1mSQnu6v/JtMv3UbGRCzLvQznmf0a7U/SAtZ8+dCEAqD4JpJhkjv73Wog53eRYhw4l7ApdXflc9ymg==
  dependencies:
    babel-runtime "6.x"
    classnames "^2.2.0"
    prop-types "^15.5.7"
    rc-util "^4.5.1"
    rmc-feedback "^2.0.0"

rc-mentions@~0.4.0:
  version "0.4.2"
  resolved "https://registry.yarnpkg.com/rc-mentions/-/rc-mentions-0.4.2.tgz#c18ab701efb9e4b75b3851a0c0d2dd698640e246"
  integrity sha512-DTZurQzacLXOfVuiHydGzqkq7cFMHXF18l2jZ9PhWUn2cqvOSY3W4osN0Pq29AOMOBpcxdZCzgc7Lb0r/bgkDw==
  dependencies:
    "@ant-design/create-react-context" "^0.2.4"
    classnames "^2.2.6"
    rc-menu "^7.4.22"
    rc-trigger "^2.6.2"
    rc-util "^4.6.0"
    react-lifecycles-compat "^3.0.4"

rc-menu@^7.3.0, rc-menu@^7.4.22, rc-menu@~7.5.1:
  version "7.5.5"
  resolved "https://registry.yarnpkg.com/rc-menu/-/rc-menu-7.5.5.tgz#78cdc817d86fc353a1430b864d3d96c7489600ca"
  integrity sha512-4YJXJgrpUGEA1rMftXN7bDhrV5rPB8oBJoHqT+GVXtIWCanfQxEnM3fmhHQhatL59JoAFMZhJaNzhJIk4FUWCQ==
  dependencies:
    classnames "2.x"
    dom-scroll-into-view "1.x"
    mini-store "^2.0.0"
    mutationobserver-shim "^0.3.2"
    rc-animate "^2.10.1"
    rc-trigger "^2.3.0"
    rc-util "^4.13.0"
    resize-observer-polyfill "^1.5.0"
    shallowequal "^1.1.0"

rc-notification@~3.3.1:
  version "3.3.1"
  resolved "https://registry.yarnpkg.com/rc-notification/-/rc-notification-3.3.1.tgz#0baa3e70f8d40ab015ce8fa78c260c490fc7beb4"
  integrity sha512-U5+f4BmBVfMSf3OHSLyRagsJ74yKwlrQAtbbL5ijoA0F2C60BufwnOcHG18tVprd7iaIjzZt1TKMmQSYSvgrig==
  dependencies:
    babel-runtime "6.x"
    classnames "2.x"
    prop-types "^15.5.8"
    rc-animate "2.x"
    rc-util "^4.0.4"

rc-pagination@~1.20.11:
  version "1.20.14"
  resolved "https://registry.yarnpkg.com/rc-pagination/-/rc-pagination-1.20.14.tgz#981c125ebedbe7fe6782bd311f8bb9c99eb0cded"
  integrity sha512-sNKwbFrxiqATqcIIShfrFs8BT03n4UUwTAMYae+JhHTmILQmXdvimEnZbVuWcno6G02DAJcLrFpmkn1h2tmEJw==
  dependencies:
    babel-runtime "6.x"
    classnames "^2.2.6"
    prop-types "^15.5.7"
    react-lifecycles-compat "^3.0.4"

rc-progress@~2.5.0:
  version "2.5.2"
  resolved "https://registry.yarnpkg.com/rc-progress/-/rc-progress-2.5.2.tgz#ab01ba4e5d2fa36fc9f6f058b10b720e7315560c"
  integrity sha512-ajI+MJkbBz9zYDuE9GQsY5gsyqPF7HFioZEDZ9Fmc+ebNZoiSeSJsTJImPFCg0dW/5WiRGUy2F69SX1aPtSJgA==
  dependencies:
    babel-runtime "6.x"
    prop-types "^15.5.8"

rc-rate@~2.5.0:
  version "2.5.1"
  resolved "https://registry.yarnpkg.com/rc-rate/-/rc-rate-2.5.1.tgz#55fc5fd23ea9dcc72250b9a889803479f4842961"
  integrity sha512-3iJkNJT8xlHklPCdeZtUZmJmRVUbr6AHRlfSsztfYTXVlHrv2TcPn3XkHsH+12j812WVB7gvilS2j3+ffjUHXg==
  dependencies:
    classnames "^2.2.5"
    prop-types "^15.5.8"
    rc-util "^4.3.0"
    react-lifecycles-compat "^3.0.4"

rc-resize-observer@^0.1.0:
  version "0.1.3"
  resolved "https://registry.yarnpkg.com/rc-resize-observer/-/rc-resize-observer-0.1.3.tgz#097191f9c3ab186ed907b553ba6ef565df11c249"
  integrity sha512-uzOQEwx83xdQSFOkOAM7x7GHIQKYnrDV4dWxtCxyG1BS1pkfJ4EvDeMfsvAJHSYkQXVBu+sgRHGbRtLG3qiuUg==
  dependencies:
    classnames "^2.2.1"
    rc-util "^4.13.0"
    resize-observer-polyfill "^1.5.1"

rc-select@~9.2.0:
  version "9.2.3"
  resolved "https://registry.yarnpkg.com/rc-select/-/rc-select-9.2.3.tgz#64340e2d6ef64e8bc3cfc6f468ffd28625589ac2"
  integrity sha512-WhswxOMWiNnkXRbxyrj0kiIvyCfo/BaRPaYbsDetSIAU2yEDwKHF798blCP5u86KLOBKBvtxWLFCkSsQw1so5w==
  dependencies:
    babel-runtime "^6.23.0"
    classnames "2.x"
    component-classes "1.x"
    dom-scroll-into-view "1.x"
    prop-types "^15.5.8"
    raf "^3.4.0"
    rc-animate "2.x"
    rc-menu "^7.3.0"
    rc-trigger "^2.5.4"
    rc-util "^4.0.4"
    react-lifecycles-compat "^3.0.2"
    warning "^4.0.2"

rc-slider@~8.7.1:
  version "8.7.1"
  resolved "https://registry.yarnpkg.com/rc-slider/-/rc-slider-8.7.1.tgz#9ed07362dc93489a38e654b21b8122ad70fd3c42"
  integrity sha512-WMT5mRFUEcrLWwTxsyS8jYmlaMsTVCZIGENLikHsNv+tE8ThU2lCoPfi/xFNUfJFNFSBFP3MwPez9ZsJmNp13g==
  dependencies:
    babel-runtime "6.x"
    classnames "^2.2.5"
    prop-types "^15.5.4"
    rc-tooltip "^3.7.0"
    rc-util "^4.0.4"
    react-lifecycles-compat "^3.0.4"
    shallowequal "^1.1.0"
    warning "^4.0.3"

rc-steps@~3.5.0:
  version "3.5.0"
  resolved "https://registry.yarnpkg.com/rc-steps/-/rc-steps-3.5.0.tgz#36b2a7f1f49907b0d90363884b18623caf9fb600"
  integrity sha512-2Vkkrpa7PZbg7qPsqTNzVDov4u78cmxofjjnIHiGB9+9rqKS8oTLPzbW2uiWDr3Lk+yGwh8rbpGO1E6VAgBCOg==
  dependencies:
    babel-runtime "^6.23.0"
    classnames "^2.2.3"
    lodash "^4.17.5"
    prop-types "^15.5.7"

rc-switch@~1.9.0:
  version "1.9.0"
  resolved "https://registry.yarnpkg.com/rc-switch/-/rc-switch-1.9.0.tgz#ab2b878f2713c681358a453391976c9b95b290f7"
  integrity sha512-Isas+egaK6qSk64jaEw4GgPStY4umYDbT7ZY93bZF1Af+b/JEsKsJdNOU2qG3WI0Z6tXo2DDq0kJCv8Yhu0zww==
  dependencies:
    classnames "^2.2.1"
    prop-types "^15.5.6"
    react-lifecycles-compat "^3.0.4"

rc-table@~6.10.5:
  version "6.10.13"
  resolved "https://registry.yarnpkg.com/rc-table/-/rc-table-6.10.13.tgz#9ef31f199abdb52d5db49b17ccd5f7cb77f0e498"
  integrity sha512-Pqb83gVWWdmfeE9tR+7vdi9dWO963Vq2n+nz5oE8LOpCkF/1UVLKcw7Som5FHpilOjd44c+wLPIL4H8Gx2i6qg==
  dependencies:
    classnames "^2.2.5"
    component-classes "^1.2.6"
    lodash "^4.17.5"
    mini-store "^2.0.0"
    prop-types "^15.5.8"
    rc-util "^4.13.0"
    react-lifecycles-compat "^3.0.2"
    shallowequal "^1.0.2"

rc-tabs@~9.7.0:
  version "9.7.0"
  resolved "https://registry.yarnpkg.com/rc-tabs/-/rc-tabs-9.7.0.tgz#ae09695bef5963d6e64e7bc10521c76dfdd8448b"
  integrity sha512-kvmgp8/MfLzFZ06hWHignqomFQ5nF7BqKr5O1FfhE4VKsGrep52YSF/1MvS5oe0NPcI9XGNS2p751C5v6cYDpQ==
  dependencies:
    "@ant-design/create-react-context" "^0.2.4"
    babel-runtime "6.x"
    classnames "2.x"
    lodash "^4.17.5"
    prop-types "15.x"
    raf "^3.4.1"
    rc-hammerjs "~0.6.0"
    rc-util "^4.0.4"
    react-lifecycles-compat "^3.0.4"
    resize-observer-polyfill "^1.5.1"
    warning "^4.0.3"

rc-time-picker@~3.7.1:
  version "3.7.3"
  resolved "https://registry.yarnpkg.com/rc-time-picker/-/rc-time-picker-3.7.3.tgz#65a8de904093250ae9c82b02a4905e0f995e23e2"
  integrity sha512-Lv1Mvzp9fRXhXEnRLO4nW6GLNxUkfAZ3RsiIBsWjGjXXvMNjdr4BX/ayElHAFK0DoJqOhm7c5tjmIYpEOwcUXg==
  dependencies:
    classnames "2.x"
    moment "2.x"
    prop-types "^15.5.8"
    raf "^3.4.1"
    rc-trigger "^2.2.0"
    react-lifecycles-compat "^3.0.4"

rc-tooltip@^3.7.0, rc-tooltip@~3.7.3:
  version "3.7.3"
  resolved "https://registry.yarnpkg.com/rc-tooltip/-/rc-tooltip-3.7.3.tgz#280aec6afcaa44e8dff0480fbaff9e87fc00aecc"
  integrity sha512-dE2ibukxxkrde7wH9W8ozHKUO4aQnPZ6qBHtrTH9LoO836PjDdiaWO73fgPB05VfJs9FbZdmGPVEbXCeOP99Ww==
  dependencies:
    babel-runtime "6.x"
    prop-types "^15.5.8"
    rc-trigger "^2.2.2"

rc-tree-select@~2.9.1:
  version "2.9.4"
  resolved "https://registry.yarnpkg.com/rc-tree-select/-/rc-tree-select-2.9.4.tgz#6aa794e1f0e65c66c406aa0a2a0e74fd0a557b09"
  integrity sha512-0HQkXAN4XbfBW20CZYh3G+V+VMrjX42XRtDCpyv6PDUm5vikC0Ob682ZBCVS97Ww2a5Hf6Ajmu0ahWEdIEpwhg==
  dependencies:
    classnames "^2.2.1"
    dom-scroll-into-view "^1.2.1"
    prop-types "^15.5.8"
    raf "^3.4.0"
    rc-animate "^2.8.2"
    rc-tree "~2.1.0"
    rc-trigger "^3.0.0"
    rc-util "^4.5.0"
    react-lifecycles-compat "^3.0.4"
    shallowequal "^1.0.2"
    warning "^4.0.1"

rc-tree@~2.1.0:
  version "2.1.3"
  resolved "https://registry.yarnpkg.com/rc-tree/-/rc-tree-2.1.3.tgz#5214ab1b21a1848eb9a2ddcb919e3bc46d6d390b"
  integrity sha512-COvV65spQ6omrHBUhHRKqKNL5+ddXjlS+qWZchaL9FFuQNvjM5pjp9RnmMWK4fJJ5kBhhpLneh6wh9Vh3kSMXQ==
  dependencies:
    "@ant-design/create-react-context" "^0.2.4"
    classnames "2.x"
    prop-types "^15.5.8"
    rc-animate "^2.6.0"
    rc-util "^4.5.1"
    react-lifecycles-compat "^3.0.4"
    warning "^4.0.3"

rc-trigger@^2.2.0, rc-trigger@^2.2.2, rc-trigger@^2.3.0, rc-trigger@^2.5.1, rc-trigger@^2.5.4, rc-trigger@^2.6.2:
  version "2.6.5"
  resolved "https://registry.yarnpkg.com/rc-trigger/-/rc-trigger-2.6.5.tgz#140a857cf28bd0fa01b9aecb1e26a50a700e9885"
  integrity sha512-m6Cts9hLeZWsTvWnuMm7oElhf+03GOjOLfTuU0QmdB9ZrW7jR2IpI5rpNM7i9MvAAlMAmTx5Zr7g3uu/aMvZAw==
  dependencies:
    babel-runtime "6.x"
    classnames "^2.2.6"
    prop-types "15.x"
    rc-align "^2.4.0"
    rc-animate "2.x"
    rc-util "^4.4.0"
    react-lifecycles-compat "^3.0.4"

rc-trigger@^3.0.0:
  version "3.0.0"
  resolved "https://registry.yarnpkg.com/rc-trigger/-/rc-trigger-3.0.0.tgz#f6d9b1da8a26b2b2d1d912a06876c1a486f5980f"
  integrity sha512-hQxbbJpo23E2QnYczfq3Ec5J5tVl2mUDhkqxrEsQAqk16HfADQg+iKNWzEYXyERSncdxfnzYuaBgy764mNRzTA==
  dependencies:
    babel-runtime "6.x"
    classnames "^2.2.6"
    prop-types "15.x"
    raf "^3.4.0"
    rc-align "^2.4.1"
    rc-animate "^3.0.0-rc.1"
    rc-util "^4.15.7"

rc-upload@~2.9.1:
  version "2.9.4"
  resolved "https://registry.yarnpkg.com/rc-upload/-/rc-upload-2.9.4.tgz#8e34a73a468d7907fe31982c38100e4593857d32"
  integrity sha512-WXt0HGxXyzLrPV6iec/96Rbl/6dyrAW8pKuY6wwD7yFYwfU5bjgKjv7vC8KNMJ6wzitFrZjnoiogNL3dF9dj3Q==
  dependencies:
    babel-runtime "6.x"
    classnames "^2.2.5"
    prop-types "^15.5.7"
    warning "4.x"

rc-util@^4.0.4, rc-util@^4.1.1, rc-util@^4.13.0, rc-util@^4.15.3, rc-util@^4.15.7, rc-util@^4.16.1, rc-util@^4.3.0, rc-util@^4.4.0, rc-util@^4.5.0, rc-util@^4.5.1, rc-util@^4.6.0:
  version "4.20.1"
  resolved "https://registry.yarnpkg.com/rc-util/-/rc-util-4.20.1.tgz#a5976eabfc3198ed9b8e79ffb8c53c231db36e77"
  integrity sha512-EGlDg9KPN0POzmAR2hk9ZyFc3DmJIrXwlC8NoDxJguX2LTINnVqwadLIVauLfYgYISMiFYFrSHiFW+cqUhZ5dA==
  dependencies:
    add-dom-event-listener "^1.1.0"
    babel-runtime "6.x"
    prop-types "^15.5.10"
    react-is "^16.12.0"
    react-lifecycles-compat "^3.0.4"
    shallowequal "^1.1.0"

react-fast-compare@^2.0.4:
  version "2.0.4"
  resolved "https://registry.yarnpkg.com/react-fast-compare/-/react-fast-compare-2.0.4.tgz#e84b4d455b0fec113e0402c329352715196f81f9"
  integrity sha512-suNP+J1VU1MWFKcyt7RtjiSWUjvidmQSlqu+eHslq+342xCbGTYmC0mEhPCOHxlW0CywylOC1u2DFAT+bv4dBw==

react-is@^16.12.0, react-is@^16.7.0, react-is@^16.8.1:
  version "16.13.0"
  resolved "https://registry.yarnpkg.com/react-is/-/react-is-16.13.0.tgz#0f37c3613c34fe6b37cd7f763a0d6293ab15c527"
  integrity sha512-GFMtL0vHkiBv9HluwNZTggSn/sCyEt9n02aM0dSAjGGyqyNlAyftYm4phPxdvCigG15JreC5biwxCgTAJZ7yAA==

react-lazy-load@^3.0.13:
  version "3.0.13"
  resolved "https://registry.yarnpkg.com/react-lazy-load/-/react-lazy-load-3.0.13.tgz#3b0a92d336d43d3f0d73cbe6f35b17050b08b824"
  integrity sha1-OwqS0zbUPT8Nc8vm81sXBQsIuCQ=
  dependencies:
    eventlistener "0.0.1"
    lodash.debounce "^4.0.0"
    lodash.throttle "^4.0.0"
    prop-types "^15.5.8"

react-lifecycles-compat@^3.0.2, react-lifecycles-compat@^3.0.4:
  version "3.0.4"
  resolved "https://registry.yarnpkg.com/react-lifecycles-compat/-/react-lifecycles-compat-3.0.4.tgz#4f1a273afdfc8f3488a8c516bfda78f872352362"
  integrity sha512-fBASbA6LnOU9dOU2eW7aQ8xmYBSXUIWr+UmF9b1efZBazGNO+rcXT/icdKnYm2pTwcRylVUYwW7H1PHfLekVzA==

react-slick@~0.25.2:
  version "0.25.2"
  resolved "https://registry.yarnpkg.com/react-slick/-/react-slick-0.25.2.tgz#56331b67d47d8bcfe2dceb6acab1c8fd5bd1f6bc"
  integrity sha512-8MNH/NFX/R7zF6W/w+FS5VXNyDusF+XDW1OU0SzODEU7wqYB+ZTGAiNJ++zVNAVqCAHdyCybScaUB+FCZOmBBw==
  dependencies:
    classnames "^2.2.5"
    enquire.js "^2.1.6"
    json2mq "^0.2.0"
    lodash.debounce "^4.0.8"
    resize-observer-polyfill "^1.5.0"

react-use@^12.2.0:
  version "12.13.0"
  resolved "https://registry.yarnpkg.com/react-use/-/react-use-12.13.0.tgz#dfefd8145552841f1c2213c2e79966b505a264ba"
  integrity sha512-Kh0m9ezIn9xfRycx4jdAgvsYGstGfjTBO2ecIM3+G0RqrpMxTIL5jjYraHYfUzjGBHf7dUhNYBzm5vw5LItVZA==
  dependencies:
    "@types/react-wait" "^0.3.0"
    copy-to-clipboard "^3.1.0"
    nano-css "^5.1.0"
    react-fast-compare "^2.0.4"
    react-wait "^0.3.0"
    resize-observer-polyfill "^1.5.1"
    screenfull "^5.0.0"
    set-harmonic-interval "^1.0.1"
    throttle-debounce "^2.0.1"
    ts-easing "^0.2.0"
    tslib "^1.10.0"

react-wait@^0.3.0:
  version "0.3.0"
  resolved "https://registry.yarnpkg.com/react-wait/-/react-wait-0.3.0.tgz#0cdd4d919012451a5bc3ab0a16d00c6fd9a8c10b"
  integrity sha512-kB5x/kMKWcn0uVr9gBdNz21/oGbQwEQnF3P9p6E9yLfJ9DRcKS0fagbgYMFI0YFOoyKDj+2q6Rwax0kTYJF37g==

regenerator-runtime@^0.11.0:
  version "0.11.1"
  resolved "https://registry.yarnpkg.com/regenerator-runtime/-/regenerator-runtime-0.11.1.tgz#be05ad7f9bf7d22e056f9726cee5017fbf19e2e9"
  integrity sha512-MguG95oij0fC3QV3URf4V2SDYGJhJnJGqvIIgdECeODCT98wSWDAJ94SSuVpYQUoTcGUIL6L4yNB7j1DFFHSBg==

regenerator-runtime@^0.13.4:
  version "0.13.4"
  resolved "https://registry.yarnpkg.com/regenerator-runtime/-/regenerator-runtime-0.13.4.tgz#e96bf612a3362d12bb69f7e8f74ffeab25c7ac91"
  integrity sha512-plpwicqEzfEyTQohIKktWigcLzmNStMGwbOUbykx51/29Z3JOGYldaaNGK7ngNXV+UcoqvIMmloZ48Sr74sd+g==

resize-observer-polyfill@^1.5.0, resize-observer-polyfill@^1.5.1:
  version "1.5.1"
  resolved "https://registry.yarnpkg.com/resize-observer-polyfill/-/resize-observer-polyfill-1.5.1.tgz#0e9020dd3d21024458d4ebd27e23e40269810464"
  integrity sha512-LwZrotdHOo12nQuZlHEmtuXdqGoOD0OhaxopaNFxWzInpEgaLWoVuAMbTzixuosCx2nEG58ngzW3vxdWoxIgdg==

rmc-feedback@^2.0.0:
  version "2.0.0"
  resolved "https://registry.yarnpkg.com/rmc-feedback/-/rmc-feedback-2.0.0.tgz#cbc6cb3ae63c7a635eef0e25e4fbaf5ac366eeaa"
  integrity sha512-5PWOGOW7VXks/l3JzlOU9NIxRpuaSS8d9zA3UULUCuTKnpwBHNvv1jSJzxgbbCQeYzROWUpgKI4za3X4C/mKmQ==
  dependencies:
    babel-runtime "6.x"
    classnames "^2.2.5"

rtl-css-js@^1.9.0:
  version "1.14.0"
  resolved "https://registry.yarnpkg.com/rtl-css-js/-/rtl-css-js-1.14.0.tgz#daa4f192a92509e292a0519f4b255e6e3c076b7d"
  integrity sha512-Dl5xDTeN3e7scU1cWX8c9b6/Nqz3u/HgR4gePc1kWXYiQWVQbKCEyK6+Hxve9LbcJ5EieHy1J9nJCN3grTtGwg==
  dependencies:
    "@babel/runtime" "^7.1.2"

"safer-buffer@>= 2.1.2 < 3":
  version "2.1.2"
  resolved "https://registry.yarnpkg.com/safer-buffer/-/safer-buffer-2.1.2.tgz#44fa161b0187b9549dd84bb91802f9bd8385cd6a"
  integrity sha512-YZo3K82SD7Riyi0E1EQPojLz7kpepnSQI9IyPbHHg1XXXevb5dJI7tpyN2ADxGcQbHG7vcyRHk0cbwqcQriUtg==

screenfull@^5.0.0:
  version "5.0.2"
  resolved "https://registry.yarnpkg.com/screenfull/-/screenfull-5.0.2.tgz#b9acdcf1ec676a948674df5cd0ff66b902b0bed7"
  integrity sha512-cCF2b+L/mnEiORLN5xSAz6H3t18i2oHh9BA8+CQlAh5DRw2+NFAGQJOSYbcGw8B2k04g/lVvFcfZ83b3ysH5UQ==

set-harmonic-interval@^1.0.1:
  version "1.0.1"
  resolved "https://registry.yarnpkg.com/set-harmonic-interval/-/set-harmonic-interval-1.0.1.tgz#e1773705539cdfb80ce1c3d99e7f298bb3995249"
  integrity sha512-AhICkFV84tBP1aWqPwLZqFvAwqEoVA9kxNMniGEUvzOlm4vLmOFLiTT3UZ6bziJTy4bOVpzWGTfSCbmaayGx8g==

setimmediate@^1.0.5:
  version "1.0.5"
  resolved "https://registry.yarnpkg.com/setimmediate/-/setimmediate-1.0.5.tgz#290cbb232e306942d7d7ea9b83732ab7856f8285"
  integrity sha1-KQy7Iy4waULX1+qbg3Mqt4VvgoU=

shallow-equal@^1.0.0:
  version "1.2.1"
  resolved "https://registry.yarnpkg.com/shallow-equal/-/shallow-equal-1.2.1.tgz#4c16abfa56043aa20d050324efa68940b0da79da"
  integrity sha512-S4vJDjHHMBaiZuT9NPb616CSmLf618jawtv3sufLl6ivK8WocjAo58cXwbRV1cgqxH0Qbv+iUt6m05eqEa2IRA==

shallowequal@^1.0.2, shallowequal@^1.1.0:
  version "1.1.0"
  resolved "https://registry.yarnpkg.com/shallowequal/-/shallowequal-1.1.0.tgz#188d521de95b9087404fd4dcb68b13df0ae4e7f8"
  integrity sha512-y0m1JoUZSlPAjXVtPPW70aZWfIL/dSP7AFkRnniLCrK/8MDKog3TySTBmckD+RObVxH0v4Tox67+F14PdED2oQ==

source-map@0.5.6:
  version "0.5.6"
  resolved "https://registry.yarnpkg.com/source-map/-/source-map-0.5.6.tgz#75ce38f52bf0733c5a7f0c118d81334a2bb5f412"
  integrity sha1-dc449SvwczxafwwRjYEzSiu19BI=

source-map@^0.6.1:
  version "0.6.1"
  resolved "https://registry.yarnpkg.com/source-map/-/source-map-0.6.1.tgz#74722af32e9614e9c287a8d0bbde48b5e2f1a263"
  integrity sha512-UjgapumWlbMhkBgzT7Ykc5YXUT46F0iKu8SGXq0bcwP5dz/h0Plj6enJqjz1Zbq2l5WaqYnrVbwWOWMyF3F47g==

sourcemap-codec@^1.4.1:
  version "1.4.8"
  resolved "https://registry.yarnpkg.com/sourcemap-codec/-/sourcemap-codec-1.4.8.tgz#ea804bd94857402e6992d05a38ef1ae35a9ab4c4"
  integrity sha512-9NykojV5Uih4lgo5So5dtw+f0JgJX30KCNI8gwhz2J9A15wD0Ml6tjHKwf6fTSa6fAdVBdZeNOs9eJ71qCk8vA==

stack-generator@^2.0.5:
  version "2.0.5"
  resolved "https://registry.yarnpkg.com/stack-generator/-/stack-generator-2.0.5.tgz#fb00e5b4ee97de603e0773ea78ce944d81596c36"
  integrity sha512-/t1ebrbHkrLrDuNMdeAcsvynWgoH/i4o8EGGfX7dEYDoTXOYVAkEpFdtshlvabzc6JlJ8Kf9YdFEoz7JkzGN9Q==
  dependencies:
    stackframe "^1.1.1"

stackframe@^1.1.1:
  version "1.1.1"
  resolved "https://registry.yarnpkg.com/stackframe/-/stackframe-1.1.1.tgz#ffef0a3318b1b60c3b58564989aca5660729ec71"
  integrity sha512-0PlYhdKh6AfFxRyK/v+6/k+/mMfyiEBbTM5L94D0ZytQnJ166wuwoTYLHFWGbs2dpA8Rgq763KGWmN1EQEYHRQ==

stacktrace-gps@^3.0.4:
  version "3.0.4"
  resolved "https://registry.yarnpkg.com/stacktrace-gps/-/stacktrace-gps-3.0.4.tgz#7688dc2fc09ffb3a13165ebe0dbcaf41bcf0c69a"
  integrity sha512-qIr8x41yZVSldqdqe6jciXEaSCKw1U8XTXpjDuy0ki/apyTn/r3w9hDAAQOhZdxvsC93H+WwwEu5cq5VemzYeg==
  dependencies:
    source-map "0.5.6"
    stackframe "^1.1.1"

stacktrace-js@^2.0.0:
  version "2.0.2"
  resolved "https://registry.yarnpkg.com/stacktrace-js/-/stacktrace-js-2.0.2.tgz#4ca93ea9f494752d55709a081d400fdaebee897b"
  integrity sha512-Je5vBeY4S1r/RnLydLl0TBTi3F2qdfWmYsGvtfZgEI+SCprPppaIhQf5nGcal4gI4cGpCV/duLcAzT1np6sQqg==
  dependencies:
    error-stack-parser "^2.0.6"
    stack-generator "^2.0.5"
    stacktrace-gps "^3.0.4"

string-convert@^0.2.0:
  version "0.2.1"
  resolved "https://registry.yarnpkg.com/string-convert/-/string-convert-0.2.1.tgz#6982cc3049fbb4cd85f8b24568b9d9bf39eeff97"
  integrity sha1-aYLMMEn7tM2F+LJFaLnZvznu/5c=

stylis@3.5.0:
  version "3.5.0"
  resolved "https://registry.yarnpkg.com/stylis/-/stylis-3.5.0.tgz#016fa239663d77f868fef5b67cf201c4b7c701e1"
  integrity sha512-pP7yXN6dwMzAR29Q0mBrabPCe0/mNO1MSr93bhay+hcZondvMMTpeGyd8nbhYJdyperNT2DRxONQuUGcJr5iPw==

throttle-debounce@^2.0.1:
  version "2.1.0"
  resolved "https://registry.yarnpkg.com/throttle-debounce/-/throttle-debounce-2.1.0.tgz#257e648f0a56bd9e54fe0f132c4ab8611df4e1d5"
  integrity sha512-AOvyNahXQuU7NN+VVvOOX+uW6FPaWdAOdRP5HfwYxAfCzXTFKRMoIMk+n+po318+ktcChx+F1Dd91G3YHeMKyg==

tinycolor2@^1.4.1:
  version "1.4.1"
  resolved "https://registry.yarnpkg.com/tinycolor2/-/tinycolor2-1.4.1.tgz#f4fad333447bc0b07d4dc8e9209d8f39a8ac77e8"
  integrity sha1-9PrTM0R7wLB9TcjpIJ2POaisd+g=

toggle-selection@^1.0.6:
  version "1.0.6"
  resolved "https://registry.yarnpkg.com/toggle-selection/-/toggle-selection-1.0.6.tgz#6e45b1263f2017fa0acc7d89d78b15b8bf77da32"
  integrity sha1-bkWxJj8gF/oKzH2J14sVuL932jI=

ts-easing@^0.2.0:
  version "0.2.0"
  resolved "https://registry.yarnpkg.com/ts-easing/-/ts-easing-0.2.0.tgz#c8a8a35025105566588d87dbda05dd7fbfa5a4ec"
  integrity sha512-Z86EW+fFFh/IFB1fqQ3/+7Zpf9t2ebOAxNI/V6Wo7r5gqiqtxmgTlQ1qbqQcjLKYeSHPTsEmvlJUDg/EuL0uHQ==

tslib@^1.10.0:
  version "1.11.1"
  resolved "https://registry.yarnpkg.com/tslib/-/tslib-1.11.1.tgz#eb15d128827fbee2841549e171f45ed338ac7e35"
  integrity sha512-aZW88SY8kQbU7gpV19lN24LtXh/yD4ZZg6qieAJDDg+YBsJcSmLGK9QpnUjAKVG/xefmvJGd1WUmfpT/g6AJGA==

ua-parser-js@^0.7.18:
  version "0.7.21"
  resolved "https://registry.yarnpkg.com/ua-parser-js/-/ua-parser-js-0.7.21.tgz#853cf9ce93f642f67174273cc34565ae6f308777"
  integrity sha512-+O8/qh/Qj8CgC6eYBVBykMrNtp5Gebn4dlGD/kKXVkJNDwyrAwSIqwz8CDf+tsAIWVycKcku6gIXJ0qwx/ZXaQ==

warning@4.x, warning@^4.0.1, warning@^4.0.2, warning@^4.0.3, warning@~4.0.3:
  version "4.0.3"
  resolved "https://registry.yarnpkg.com/warning/-/warning-4.0.3.tgz#16e9e077eb8a86d6af7d64aa1e05fd85b4678ca3"
  integrity sha512-rpJyN222KWIvHJ/F53XSZv0Zl/accqHR8et1kpaMTD/fLCRxtV8iX8czMzY7sVZupTI3zcUTg8eycS2kNF9l6w==
  dependencies:
    loose-envify "^1.0.0"

whatwg-fetch@>=0.10.0:
  version "3.0.0"
  resolved "https://registry.yarnpkg.com/whatwg-fetch/-/whatwg-fetch-3.0.0.tgz#fc804e458cc460009b1a2b966bc8817d2578aefb"
  integrity sha512-9GSJUgz1D4MfyKU7KRqwOjXCXTqWdFNvEr7eUBYchQiVc744mqK/MzXPNR2WsPkmkOa4ywfg8C2n8h+13Bey1Q==
